
Microsoft Visual Studio Solution File, Format Version 12.00
# Visual Studio Version 17
VisualStudioVersion = 17.10.34607.79
MinimumVisualStudioVersion = 10.0.40219.1
Project("{FAE04EC0-301F-11D3-BF4B-00C04F79EFBC}") = "ЛР12_Часть4", "ЛР12_Часть4\ЛР12_Часть4.csproj", "{96FDE937-7992-4D0F-9C9C-EECB3138B0C1}"
EndProject
Project("{9A19103F-16F7-4668-BE54-9A1E7A4F7556}") = "ClassLibrary2", "..\MainProgram\ClassLibrary2\ClassLibrary2.csproj", "{18939AAD-528F-4FA1-9D76-C41ECCE9C68B}"
EndProject
Global
	GlobalSection(SolutionConfigurationPlatforms) = preSolution
		Debug|Any CPU = Debug|Any CPU
		Release|Any CPU = Release|Any CPU
	EndGlobalSection
	GlobalSection(ProjectConfigurationPlatforms) = postSolution
		{96FDE937-7992-4D0F-9C9C-EECB3138B0C1}.Debug|Any CPU.ActiveCfg = Debug|Any CPU
		{96FDE937-7992-4D0F-9C9C-EECB3138B0C1}.Debug|Any CPU.Build.0 = Debug|Any CPU
		{96FDE937-7992-4D0F-9C9C-EECB3138B0C1}.Release|Any CPU.ActiveCfg = Release|Any CPU
		{96FDE937-7992-4D0F-9C9C-EECB3138B0C1}.Release|Any CPU.Build.0 = Release|Any CPU
		{18939AAD-528F-4FA1-9D76-C41ECCE9C68B}.Debug|Any CPU.ActiveCfg = Debug|Any CPU
		{18939AAD-528F-4FA1-9D76-C41ECCE9C68B}.Debug|Any CPU.Build.0 = Debug|Any CPU
		{18939AAD-528F-4FA1-9D76-C41ECCE9C68B}.Release|Any CPU.ActiveCfg = Release|Any CPU
		{18939AAD-528F-4FA1-9D76-C41ECCE9C68B}.Release|Any CPU.Build.0 = Release|Any CPU
	EndGlobalSection
	GlobalSection(SolutionProperties) = preSolution
		HideSolutionNode = FALSE
	EndGlobalSection
	GlobalSection(ExtensibilityGlobals) = postSolution
		SolutionGuid = {A8EE760D-8238-4AD9-801E-946E0FD433EC}
	EndGlobalSection
EndGlobal
